// !$*UTF8*$!
{
	archiveVersion = 1;
	classes = {
	};
	objectVersion = 77;
	objects = {

/* Begin PBXContainerItemProxy section */
		12E2F9592E73DFBE006A08FE /* PBXContainerItemProxy */ = {
			isa = PBXContainerItemProxy;
			containerPortal = 12E2F9412E73DFBD006A08FE /* Project object */;
			proxyType = 1;
			remoteGlobalIDString = 12E2F9482E73DFBD006A08FE;
			remoteInfo = "WALL-ET";
		};
		12E2F9632E73DFBE006A08FE /* PBXContainerItemProxy */ = {
			isa = PBXContainerItemProxy;
			containerPortal = 12E2F9412E73DFBD006A08FE /* Project object */;
			proxyType = 1;
			remoteGlobalIDString = 12E2F9482E73DFBD006A08FE;
			remoteInfo = "WALL-ET";
		};
/* End PBXContainerItemProxy section */

/* Begin PBXFileReference section */
		12E2F9492E73DFBD006A08FE /* WALL-ET.app */ = {isa = PBXFileReference; explicitFileType = wrapper.application; includeInIndex = 0; path = "WALL-ET.app"; sourceTree = BUILT_PRODUCTS_DIR; };
		12E2F9582E73DFBE006A08FE /* WALL-ETTests.xctest */ = {isa = PBXFileReference; explicitFileType = wrapper.cfbundle; includeInIndex = 0; path = "WALL-ETTests.xctest"; sourceTree = BUILT_PRODUCTS_DIR; };
		12E2F9622E73DFBE006A08FE /* WALL-ETUITests.xctest */ = {isa = PBXFileReference; explicitFileType = wrapper.cfbundle; includeInIndex = 0; path = "WALL-ETUITests.xctest"; sourceTree = BUILT_PRODUCTS_DIR; };
/* End PBXFileReference section */

/* Begin PBXFileSystemSynchronizedRootGroup section */
		12E2F94B2E73DFBD006A08FE /* WALL-ET */ = {
			isa = PBXFileSystemSynchronizedRootGroup;
			path = "WALL-ET";
			sourceTree = "<group>";
		};
		12E2F95B2E73DFBE006A08FE /* WALL-ETTests */ = {
			isa = PBXFileSystemSynchronizedRootGroup;
			path = "WALL-ETTests";
			sourceTree = "<group>";
		};
		12E2F9652E73DFBE006A08FE /* WALL-ETUITests */ = {
			isa = PBXFileSystemSynchronizedRootGroup;
			path = "WALL-ETUITests";
			sourceTree = "<group>";
		};
/* End PBXFileSystemSynchronizedRootGroup section */

/* Begin PBXFrameworksBuildPhase section */
		12E2F9462E73DFBD006A08FE /* Frameworks */ = {
			isa = PBXFrameworksBuildPhase;
			buildActionMask = 2147483647;
			files = (
			);
			runOnlyForDeploymentPostprocessing = 0;
		};
		12E2F9552E73DFBE006A08FE /* Frameworks */ = {
			isa = PBXFrameworksBuildPhase;
			buildActionMask = 2147483647;
			files = (
			);
			runOnlyForDeploymentPostprocessing = 0;
		};
		12E2F95F2E73DFBE006A08FE /* Frameworks */ = {
			isa = PBXFrameworksBuildPhase;
			buildActionMask = 2147483647;
			files = (
			);
			runOnlyForDeploymentPostprocessing = 0;
		};
/* End PBXFrameworksBuildPhase section */

/* Begin PBXGroup section */
		12E2F9402E73DFBD006A08FE = {
			isa = PBXGroup;
			children = (
				12E2F94B2E73DFBD006A08FE /* WALL-ET */,
				12E2F95B2E73DFBE006A08FE /* WALL-ETTests */,
				12E2F9652E73DFBE006A08FE /* WALL-ETUITests */,
				12E2F94A2E73DFBD006A08FE /* Products */,
			);
			sourceTree = "<group>";
		};
		12E2F94A2E73DFBD006A08FE /* Products */ = {
			isa = PBXGroup;
			children = (
				12E2F9492E73DFBD006A08FE /* WALL-ET.app */,
				12E2F9582E73DFBE006A08FE /* WALL-ETTests.xctest */,
				12E2F9622E73DFBE006A08FE /* WALL-ETUITests.xctest */,
			);
			name = Products;
			sourceTree = "<group>";
		};
/* End PBXGroup section */

/* Begin PBXNativeTarget section */
		12E2F9482E73DFBD006A08FE /* WALL-ET */ = {
			isa = PBXNativeTarget;
			buildConfigurationList = 12E2F96C2E73DFBE006A08FE /* Build configuration list for PBXNativeTarget "WALL-ET" */;
			buildPhases = (
				12E2F9452E73DFBD006A08FE /* Sources */,
				12E2F9462E73DFBD006A08FE /* Frameworks */,
				12E2F9472E73DFBD006A08FE /* Resources */,
			);
			buildRules = (
			);
			dependencies = (
			);
			fileSystemSynchronizedGroups = (
				12E2F94B2E73DFBD006A08FE /* WALL-ET */,
			);
			name = "WALL-ET";
			packageProductDependencies = (
			);
			productName = "WALL-ET";
			productReference = 12E2F9492E73DFBD006A08FE /* WALL-ET.app */;
			productType = "com.apple.product-type.application";
		};
		12E2F9572E73DFBE006A08FE /* WALL-ETTests */ = {
			isa = PBXNativeTarget;
			buildConfigurationList = 12E2F96F2E73DFBE006A08FE /* Build configuration list for PBXNativeTarget "WALL-ETTests" */;
			buildPhases = (
				12E2F9542E73DFBE006A08FE /* Sources */,
				12E2F9552E73DFBE006A08FE /* Frameworks */,
				12E2F9562E73DFBE006A08FE /* Resources */,
			);
			buildRules = (
			);
			dependencies = (
				12E2F95A2E73DFBE006A08FE /* PBXTargetDependency */,
			);
			fileSystemSynchronizedGroups = (
				12E2F95B2E73DFBE006A08FE /* WALL-ETTests */,
			);
			name = "WALL-ETTests";
			packageProductDependencies = (
			);
			productName = "WALL-ETTests";
			productReference = 12E2F9582E73DFBE006A08FE /* WALL-ETTests.xctest */;
			productType = "com.apple.product-type.bundle.unit-test";
		};
		12E2F9612E73DFBE006A08FE /* WALL-ETUITests */ = {
			isa = PBXNativeTarget;
			buildConfigurationList = 12E2F9722E73DFBE006A08FE /* Build configuration list for PBXNativeTarget "WALL-ETUITests" */;
			buildPhases = (
				12E2F95E2E73DFBE006A08FE /* Sources */,
				12E2F95F2E73DFBE006A08FE /* Frameworks */,
				12E2F9602E73DFBE006A08FE /* Resources */,
			);
			buildRules = (
			);
			dependencies = (
				12E2F9642E73DFBE006A08FE /* PBXTargetDependency */,
			);
			fileSystemSynchronizedGroups = (
				12E2F9652E73DFBE006A08FE /* WALL-ETUITests */,
			);
			name = "WALL-ETUITests";
			packageProductDependencies = (
			);
			productName = "WALL-ETUITests";
			productReference = 12E2F9622E73DFBE006A08FE /* WALL-ETUITests.xctest */;
			productType = "com.apple.product-type.bundle.ui-testing";
		};
/* End PBXNativeTarget section */

/* Begin PBXProject section */
		12E2F9412E73DFBD006A08FE /* Project object */ = {
			isa = PBXProject;
			attributes = {
				BuildIndependentTargetsInParallel = 1;
				LastSwiftUpdateCheck = 1640;
				LastUpgradeCheck = 1640;
				TargetAttributes = {
					12E2F9482E73DFBD006A08FE = {
						CreatedOnToolsVersion = 16.4;
					};
					12E2F9572E73DFBE006A08FE = {
						CreatedOnToolsVersion = 16.4;
						TestTargetID = 12E2F9482E73DFBD006A08FE;
					};
					12E2F9612E73DFBE006A08FE = {
						CreatedOnToolsVersion = 16.4;
						TestTargetID = 12E2F9482E73DFBD006A08FE;
					};
				};
			};
			buildConfigurationList = 12E2F9442E73DFBD006A08FE /* Build configuration list for PBXProject "WALL-ET" */;
			developmentRegion = en;
			hasScannedForEncodings = 0;
			knownRegions = (
				en,
				Base,
			);
			mainGroup = 12E2F9402E73DFBD006A08FE;
			minimizedProjectReferenceProxies = 1;
			preferredProjectObjectVersion = 77;
			productRefGroup = 12E2F94A2E73DFBD006A08FE /* Products */;
			projectDirPath = "";
			projectRoot = "";
			targets = (
				12E2F9482E73DFBD006A08FE /* WALL-ET */,
				12E2F9572E73DFBE006A08FE /* WALL-ETTests */,
				12E2F9612E73DFBE006A08FE /* WALL-ETUITests */,
			);
		};
/* End PBXProject section */

/* Begin PBXResourcesBuildPhase section */
		12E2F9472E73DFBD006A08FE /* Resources */ = {
			isa = PBXResourcesBuildPhase;
			buildActionMask = 2147483647;
			files = (
			);
			runOnlyForDeploymentPostprocessing = 0;
		};
		12E2F9562E73DFBE006A08FE /* Resources */ = {
			isa = PBXResourcesBuildPhase;
			buildActionMask = 2147483647;
			files = (
			);
			runOnlyForDeploymentPostprocessing = 0;
		};
		12E2F9602E73DFBE006A08FE /* Resources */ = {
			isa = PBXResourcesBuildPhase;
			buildActionMask = 2147483647;
			files = (
			);
			runOnlyForDeploymentPostprocessing = 0;
		};
/* End PBXResourcesBuildPhase section */

/* Begin PBXSourcesBuildPhase section */
		12E2F9452E73DFBD006A08FE /* Sources */ = {
			isa = PBXSourcesBuildPhase;
			buildActionMask = 2147483647;
			files = (
			);
			runOnlyForDeploymentPostprocessing = 0;
		};
		12E2F9542E73DFBE006A08FE /* Sources */ = {
			isa = PBXSourcesBuildPhase;
			buildActionMask = 2147483647;
			files = (
			);
			runOnlyForDeploymentPostprocessing = 0;
		};
		12E2F95E2E73DFBE006A08FE /* Sources */ = {
			isa = PBXSourcesBuildPhase;
			buildActionMask = 2147483647;
			files = (
			);
			runOnlyForDeploymentPostprocessing = 0;
		};
/* End PBXSourcesBuildPhase section */

/* Begin PBXTargetDependency section */
		12E2F95A2E73DFBE006A08FE /* PBXTargetDependency */ = {
			isa = PBXTargetDependency;
			target = 12E2F9482E73DFBD006A08FE /* WALL-ET */;
			targetProxy = 12E2F9592E73DFBE006A08FE /* PBXContainerItemProxy */;
		};
		12E2F9642E73DFBE006A08FE /* PBXTargetDependency */ = {
			isa = PBXTargetDependency;
			target = 12E2F9482E73DFBD006A08FE /* WALL-ET */;
			targetProxy = 12E2F9632E73DFBE006A08FE /* PBXContainerItemProxy */;
		};
/* End PBXTargetDependency section */

/* Begin XCBuildConfiguration section */
		12E2F96A2E73DFBE006A08FE /* Debug */ = {
			isa = XCBuildConfiguration;
			buildSettings = {
				ALWAYS_SEARCH_USER_PATHS = NO;
				ASSETCATALOG_COMPILER_GENERATE_SWIFT_ASSET_SYMBOL_EXTENSIONS = YES;
				CLANG_ANALYZER_NONNULL = YES;
				CLANG_ANALYZER_NUMBER_OBJECT_CONVERSION = YES_AGGRESSIVE;
				CLANG_CXX_LANGUAGE_STANDARD = "gnu++20";
				CLANG_ENABLE_MODULES = YES;
				CLANG_ENABLE_OBJC_ARC = YES;
				CLANG_ENABLE_OBJC_WEAK = YES;
				CLANG_WARN_BLOCK_CAPTURE_AUTORELEASING = YES;
				CLANG_WARN_BOOL_CONVERSION = YES;
				CLANG_WARN_COMMA = YES;
				CLANG_WARN_CONSTANT_CONVERSION = YES;
				CLANG_WARN_DEPRECATED_OBJC_IMPLEMENTATIONS = YES;
				CLANG_WARN_DIRECT_OBJC_ISA_USAGE = YES_ERROR;
				CLANG_WARN_DOCUMENTATION_COMMENTS = YES;
				CLANG_WARN_EMPTY_BODY = YES;
				CLANG_WARN_ENUM_CONVERSION = YES;
				CLANG_WARN_INFINITE_RECURSION = YES;
				CLANG_WARN_INT_CONVERSION = YES;
				CLANG_WARN_NON_LITERAL_NULL_CONVERSION = YES;
				CLANG_WARN_OBJC_IMPLICIT_RETAIN_SELF = YES;
				CLANG_WARN_OBJC_LITERAL_CONVERSION = YES;
				CLANG_WARN_OBJC_ROOT_CLASS = YES_ERROR;
				CLANG_WARN_QUOTED_INCLUDE_IN_FRAMEWORK_HEADER = YES;
				CLANG_WARN_RANGE_LOOP_ANALYSIS = YES;
				CLANG_WARN_STRICT_PROTOTYPES = YES;
				CLANG_WARN_SUSPICIOUS_MOVE = YES;
				CLANG_WARN_UNGUARDED_AVAILABILITY = YES_AGGRESSIVE;
				CLANG_WARN_UNREACHABLE_CODE = YES;
				CLANG_WARN__DUPLICATE_METHOD_MATCH = YES;
				COPY_PHASE_STRIP = NO;
				DEBUG_INFORMATION_FORMAT = dwarf;
				DEVELOPMENT_TEAM = P4VGX44GD8;
				ENABLE_STRICT_OBJC_MSGSEND = YES;
				ENABLE_TESTABILITY = YES;
				ENABLE_USER_SCRIPT_SANDBOXING = YES;
				GCC_C_LANGUAGE_STANDARD = gnu17;
				GCC_DYNAMIC_NO_PIC = NO;
				GCC_NO_COMMON_BLOCKS = YES;
				GCC_OPTIMIZATION_LEVEL = 0;
				GCC_PREPROCESSOR_DEFINITIONS = (
					"DEBUG=1",
					"$(inherited)",
				);
				GCC_WARN_64_TO_32_BIT_CONVERSION = YES;
				GCC_WARN_ABOUT_RETURN_TYPE = YES_ERROR;
				GCC_WARN_UNDECLARED_SELECTOR = YES;
				GCC_WARN_UNINITIALIZED_AUTOS = YES_AGGRESSIVE;
				GCC_WARN_UNUSED_FUNCTION = YES;
				GCC_WARN_UNUSED_VARIABLE = YES;
				IPHONEOS_DEPLOYMENT_TARGET = 18.5;
				LOCALIZATION_PREFERS_STRING_CATALOGS = YES;
				MTL_ENABLE_DEBUG_INFO = INCLUDE_SOURCE;
				MTL_FAST_MATH = YES;
				ONLY_ACTIVE_ARCH = YES;
				SDKROOT = iphoneos;
				SWIFT_ACTIVE_COMPILATION_CONDITIONS = "DEBUG $(inherited)";
				SWIFT_OPTIMIZATION_LEVEL = "-Onone";
			};
			name = Debug;
		};
		12E2F96B2E73DFBE006A08FE /* Release */ = {
			isa = XCBuildConfiguration;
			buildSettings = {
				ALWAYS_SEARCH_USER_PATHS = NO;
				ASSETCATALOG_COMPILER_GENERATE_SWIFT_ASSET_SYMBOL_EXTENSIONS = YES;
				CLANG_ANALYZER_NONNULL = YES;
				CLANG_ANALYZER_NUMBER_OBJECT_CONVERSION = YES_AGGRESSIVE;
				CLANG_CXX_LANGUAGE_STANDARD = "gnu++20";
				CLANG_ENABLE_MODULES = YES;
				CLANG_ENABLE_OBJC_ARC = YES;
				CLANG_ENABLE_OBJC_WEAK = YES;
				CLANG_WARN_BLOCK_CAPTURE_AUTORELEASING = YES;
				CLANG_WARN_BOOL_CONVERSION = YES;
				CLANG_WARN_COMMA = YES;
				CLANG_WARN_CONSTANT_CONVERSION = YES;
				CLANG_WARN_DEPRECATED_OBJC_IMPLEMENTATIONS = YES;
				CLANG_WARN_DIRECT_OBJC_ISA_USAGE = YES_ERROR;
				CLANG_WARN_DOCUMENTATION_COMMENTS = YES;
				CLANG_WARN_EMPTY_BODY = YES;
				CLANG_WARN_ENUM_CONVERSION = YES;
				CLANG_WARN_INFINITE_RECURSION = YES;
				CLANG_WARN_INT_CONVERSION = YES;
				CLANG_WARN_NON_LITERAL_NULL_CONVERSION = YES;
				CLANG_WARN_OBJC_IMPLICIT_RETAIN_SELF = YES;
				CLANG_WARN_OBJC_LITERAL_CONVERSION = YES;
				CLANG_WARN_OBJC_ROOT_CLASS = YES_ERROR;
				CLANG_WARN_QUOTED_INCLUDE_IN_FRAMEWORK_HEADER = YES;
				CLANG_WARN_RANGE_LOOP_ANALYSIS = YES;
				CLANG_WARN_STRICT_PROTOTYPES = YES;
				CLANG_WARN_SUSPICIOUS_MOVE = YES;
				CLANG_WARN_UNGUARDED_AVAILABILITY = YES_AGGRESSIVE;
				CLANG_WARN_UNREACHABLE_CODE = YES;
				CLANG_WARN__DUPLICATE_METHOD_MATCH = YES;
				COPY_PHASE_STRIP = NO;
				DEBUG_INFORMATION_FORMAT = "dwarf-with-dsym";
				DEVELOPMENT_TEAM = P4VGX44GD8;
				ENABLE_NS_ASSERTIONS = NO;
				ENABLE_STRICT_OBJC_MSGSEND = YES;
				ENABLE_USER_SCRIPT_SANDBOXING = YES;
				GCC_C_LANGUAGE_STANDARD = gnu17;
				GCC_NO_COMMON_BLOCKS = YES;
				GCC_WARN_64_TO_32_BIT_CONVERSION = YES;
				GCC_WARN_ABOUT_RETURN_TYPE = YES_ERROR;
				GCC_WARN_UNDECLARED_SELECTOR = YES;
				GCC_WARN_UNINITIALIZED_AUTOS = YES_AGGRESSIVE;
				GCC_WARN_UNUSED_FUNCTION = YES;
				GCC_WARN_UNUSED_VARIABLE = YES;
				IPHONEOS_DEPLOYMENT_TARGET = 18.5;
				LOCALIZATION_PREFERS_STRING_CATALOGS = YES;
				MTL_ENABLE_DEBUG_INFO = NO;
				MTL_FAST_MATH = YES;
				SDKROOT = iphoneos;
				SWIFT_COMPILATION_MODE = wholemodule;
				VALIDATE_PRODUCT = YES;
			};
			name = Release;
		};
		12E2F96D2E73DFBE006A08FE /* Debug */ = {
			isa = XCBuildConfiguration;
			buildSettings = {
				ASSETCATALOG_COMPILER_APPICON_NAME = AppIcon;
				ASSETCATALOG_COMPILER_GLOBAL_ACCENT_COLOR_NAME = AccentColor;
				CODE_SIGN_STYLE = Automatic;
				CURRENT_PROJECT_VERSION = 1;
				DEVELOPMENT_TEAM = P4VGX44GD8;
				ENABLE_PREVIEWS = YES;
				GENERATE_INFOPLIST_FILE = YES;
				INFOPLIST_KEY_LSApplicationCategoryType = "public.app-category.finance";
				INFOPLIST_KEY_UIApplicationSceneManifest_Generation = YES;
				INFOPLIST_KEY_UIApplicationSupportsIndirectInputEvents = YES;
				INFOPLIST_KEY_UILaunchScreen_Generation = YES;
				INFOPLIST_KEY_UISupportedInterfaceOrientations_iPad = "UIInterfaceOrientationPortrait UIInterfaceOrientationPortraitUpsideDown UIInterfaceOrientationLandscapeLeft UIInterfaceOrientationLandscapeRight";
				INFOPLIST_KEY_UISupportedInterfaceOrientations_iPhone = "UIInterfaceOrientationPortrait UIInterfaceOrientationLandscapeLeft UIInterfaceOrientationLandscapeRight";
				LD_RUNPATH_SEARCH_PATHS = (
					"$(inherited)",
					"@executable_path/Frameworks",
				);
				MARKETING_VERSION = 1.0;
				PRODUCT_BUNDLE_IDENTIFIER = "thalesmms.WALL-ET";
				PRODUCT_NAME = "$(TARGET_NAME)";
				SWIFT_EMIT_LOC_STRINGS = YES;
				SWIFT_VERSION = 5.0;
				TARGETED_DEVICE_FAMILY = "1,2";
			};
			name = Debug;
		};
		12E2F96E2E73DFBE006A08FE /* Release */ = {
			isa = XCBuildConfiguration;
			buildSettings = {
				ASSETCATALOG_COMPILER_APPICON_NAME = AppIcon;
				ASSETCATALOG_COMPILER_GLOBAL_ACCENT_COLOR_NAME = AccentColor;
				CODE_SIGN_STYLE = Automatic;
				CURRENT_PROJECT_VERSION = 1;
				DEVELOPMENT_TEAM = P4VGX44GD8;
				ENABLE_PREVIEWS = YES;
				GENERATE_INFOPLIST_FILE = YES;
				INFOPLIST_KEY_LSApplicationCategoryType = "public.app-category.finance";
				INFOPLIST_KEY_UIApplicationSceneManifest_Generation = YES;
				INFOPLIST_KEY_UIApplicationSupportsIndirectInputEvents = YES;
				INFOPLIST_KEY_UILaunchScreen_Generation = YES;
				INFOPLIST_KEY_UISupportedInterfaceOrientations_iPad = "UIInterfaceOrientationPortrait UIInterfaceOrientationPortraitUpsideDown UIInterfaceOrientationLandscapeLeft UIInterfaceOrientationLandscapeRight";
				INFOPLIST_KEY_UISupportedInterfaceOrientations_iPhone = "UIInterfaceOrientationPortrait UIInterfaceOrientationLandscapeLeft UIInterfaceOrientationLandscapeRight";
				LD_RUNPATH_SEARCH_PATHS = (
					"$(inherited)",
					"@executable_path/Frameworks",
				);
				MARKETING_VERSION = 1.0;
				PRODUCT_BUNDLE_IDENTIFIER = "thalesmms.WALL-ET";
				PRODUCT_NAME = "$(TARGET_NAME)";
				SWIFT_EMIT_LOC_STRINGS = YES;
				SWIFT_VERSION = 5.0;
				TARGETED_DEVICE_FAMILY = "1,2";
			};
			name = Release;
		};
		12E2F9702E73DFBE006A08FE /* Debug */ = {
			isa = XCBuildConfiguration;
			buildSettings = {
				BUNDLE_LOADER = "$(TEST_HOST)";
				CODE_SIGN_STYLE = Automatic;
				CURRENT_PROJECT_VERSION = 1;
				DEVELOPMENT_TEAM = P4VGX44GD8;
				GENERATE_INFOPLIST_FILE = YES;
				IPHONEOS_DEPLOYMENT_TARGET = 18.5;
				MARKETING_VERSION = 1.0;
				PRODUCT_BUNDLE_IDENTIFIER = "thalesmms.WALL-ETTests";
				PRODUCT_NAME = "$(TARGET_NAME)";
				SWIFT_EMIT_LOC_STRINGS = NO;
				SWIFT_VERSION = 5.0;
				TARGETED_DEVICE_FAMILY = "1,2";
				TEST_HOST = "$(BUILT_PRODUCTS_DIR)/WALL-ET.app/$(BUNDLE_EXECUTABLE_FOLDER_PATH)/WALL-ET";
			};
			name = Debug;
		};
		12E2F9712E73DFBE006A08FE /* Release */ = {
			isa = XCBuildConfiguration;
			buildSettings = {
				BUNDLE_LOADER = "$(TEST_HOST)";
				CODE_SIGN_STYLE = Automatic;
				CURRENT_PROJECT_VERSION = 1;
				DEVELOPMENT_TEAM = P4VGX44GD8;
				GENERATE_INFOPLIST_FILE = YES;
				IPHONEOS_DEPLOYMENT_TARGET = 18.5;
				MARKETING_VERSION = 1.0;
				PRODUCT_BUNDLE_IDENTIFIER = "thalesmms.WALL-ETTests";
				PRODUCT_NAME = "$(TARGET_NAME)";
				SWIFT_EMIT_LOC_STRINGS = NO;
				SWIFT_VERSION = 5.0;
				TARGETED_DEVICE_FAMILY = "1,2";
				TEST_HOST = "$(BUILT_PRODUCTS_DIR)/WALL-ET.app/$(BUNDLE_EXECUTABLE_FOLDER_PATH)/WALL-ET";
			};
			name = Release;
		};
		12E2F9732E73DFBE006A08FE /* Debug */ = {
			isa = XCBuildConfiguration;
			buildSettings = {
				CODE_SIGN_STYLE = Automatic;
				CURRENT_PROJECT_VERSION = 1;
				DEVELOPMENT_TEAM = P4VGX44GD8;
				GENERATE_INFOPLIST_FILE = YES;
				MARKETING_VERSION = 1.0;
				PRODUCT_BUNDLE_IDENTIFIER = "thalesmms.WALL-ETUITests";
				PRODUCT_NAME = "$(TARGET_NAME)";
				SWIFT_EMIT_LOC_STRINGS = NO;
				SWIFT_VERSION = 5.0;
				TARGETED_DEVICE_FAMILY = "1,2";
				TEST_TARGET_NAME = "WALL-ET";
			};
			name = Debug;
		};
		12E2F9742E73DFBE006A08FE /* Release */ = {
			isa = XCBuildConfiguration;
			buildSettings = {
				CODE_SIGN_STYLE = Automatic;
				CURRENT_PROJECT_VERSION = 1;
				DEVELOPMENT_TEAM = P4VGX44GD8;
				GENERATE_INFOPLIST_FILE = YES;
				MARKETING_VERSION = 1.0;
				PRODUCT_BUNDLE_IDENTIFIER = "thalesmms.WALL-ETUITests";
				PRODUCT_NAME = "$(TARGET_NAME)";
				SWIFT_EMIT_LOC_STRINGS = NO;
				SWIFT_VERSION = 5.0;
				TARGETED_DEVICE_FAMILY = "1,2";
				TEST_TARGET_NAME = "WALL-ET";
			};
			name = Release;
		};
/* End XCBuildConfiguration section */

/* Begin XCConfigurationList section */
		12E2F9442E73DFBD006A08FE /* Build configuration list for PBXProject "WALL-ET" */ = {
			isa = XCConfigurationList;
			buildConfigurations = (
				12E2F96A2E73DFBE006A08FE /* Debug */,
				12E2F96B2E73DFBE006A08FE /* Release */,
			);
			defaultConfigurationIsVisible = 0;
			defaultConfigurationName = Release;
		};
		12E2F96C2E73DFBE006A08FE /* Build configuration list for PBXNativeTarget "WALL-ET" */ = {
			isa = XCConfigurationList;
			buildConfigurations = (
				12E2F96D2E73DFBE006A08FE /* Debug */,
				12E2F96E2E73DFBE006A08FE /* Release */,
			);
			defaultConfigurationIsVisible = 0;
			defaultConfigurationName = Release;
		};
		12E2F96F2E73DFBE006A08FE /* Build configuration list for PBXNativeTarget "WALL-ETTests" */ = {
			isa = XCConfigurationList;
			buildConfigurations = (
				12E2F9702E73DFBE006A08FE /* Debug */,
				12E2F9712E73DFBE006A08FE /* Release */,
			);
			defaultConfigurationIsVisible = 0;
			defaultConfigurationName = Release;
		};
		12E2F9722E73DFBE006A08FE /* Build configuration list for PBXNativeTarget "WALL-ETUITests" */ = {
			isa = XCConfigurationList;
			buildConfigurations = (
				12E2F9732E73DFBE006A08FE /* Debug */,
				12E2F9742E73DFBE006A08FE /* Release */,
			);
			defaultConfigurationIsVisible = 0;
			defaultConfigurationName = Release;
		};
/* End XCConfigurationList section */
	};
	rootObject = 12E2F9412E73DFBD006A08FE /* Project object */;
}
